
Microsoft Visual Studio Solution File, Format Version 12.00
# Visual Studio 15
VisualStudioVersion = 15.0.26124.0
MinimumVisualStudioVersion = 15.0.26124.0
Project("{FAE04EC0-301F-11D3-BF4B-00C04F79EFBC}") = "AdventOfCode2021", "src\AdventOfCode2021.csproj", "{617EB7AE-16A1-45F1-914F-73C91641BF06}"
EndProject
Project("{FAE04EC0-301F-11D3-BF4B-00C04F79EFBC}") = "AdventOfCode2021.Tests", "tests\AdventOfCode2021.Tests.csproj", "{69B0C14E-ADA9-46EA-91BF-BE91259DFAFC}"
EndProject
Global
	GlobalSection(SolutionConfigurationPlatforms) = preSolution
		Debug|Any CPU = Debug|Any CPU
		Debug|x64 = Debug|x64
		Debug|x86 = Debug|x86
		Release|Any CPU = Release|Any CPU
		Release|x64 = Release|x64
		Release|x86 = Release|x86
	EndGlobalSection
	GlobalSection(SolutionProperties) = preSolution
		HideSolutionNode = FALSE
	EndGlobalSection
	GlobalSection(ProjectConfigurationPlatforms) = postSolution
		{979BF0B1-465E-44C1-97A5-37037CFA8B13}.Debug|Any CPU.ActiveCfg = Debug|Any CPU
		{979BF0B1-465E-44C1-97A5-37037CFA8B13}.Debug|Any CPU.Build.0 = Debug|Any CPU
		{979BF0B1-465E-44C1-97A5-37037CFA8B13}.Debug|x64.ActiveCfg = Debug|Any CPU
		{979BF0B1-465E-44C1-97A5-37037CFA8B13}.Debug|x64.Build.0 = Debug|Any CPU
		{979BF0B1-465E-44C1-97A5-37037CFA8B13}.Debug|x86.ActiveCfg = Debug|Any CPU
		{979BF0B1-465E-44C1-97A5-37037CFA8B13}.Debug|x86.Build.0 = Debug|Any CPU
		{979BF0B1-465E-44C1-97A5-37037CFA8B13}.Release|Any CPU.ActiveCfg = Release|Any CPU
		{979BF0B1-465E-44C1-97A5-37037CFA8B13}.Release|Any CPU.Build.0 = Release|Any CPU
		{979BF0B1-465E-44C1-97A5-37037CFA8B13}.Release|x64.ActiveCfg = Release|Any CPU
		{979BF0B1-465E-44C1-97A5-37037CFA8B13}.Release|x64.Build.0 = Release|Any CPU
		{979BF0B1-465E-44C1-97A5-37037CFA8B13}.Release|x86.ActiveCfg = Release|Any CPU
		{979BF0B1-465E-44C1-97A5-37037CFA8B13}.Release|x86.Build.0 = Release|Any CPU
		{617EB7AE-16A1-45F1-914F-73C91641BF06}.Debug|Any CPU.ActiveCfg = Debug|Any CPU
		{617EB7AE-16A1-45F1-914F-73C91641BF06}.Debug|Any CPU.Build.0 = Debug|Any CPU
		{617EB7AE-16A1-45F1-914F-73C91641BF06}.Debug|x64.ActiveCfg = Debug|Any CPU
		{617EB7AE-16A1-45F1-914F-73C91641BF06}.Debug|x64.Build.0 = Debug|Any CPU
		{617EB7AE-16A1-45F1-914F-73C91641BF06}.Debug|x86.ActiveCfg = Debug|Any CPU
		{617EB7AE-16A1-45F1-914F-73C91641BF06}.Debug|x86.Build.0 = Debug|Any CPU
		{617EB7AE-16A1-45F1-914F-73C91641BF06}.Release|Any CPU.ActiveCfg = Release|Any CPU
		{617EB7AE-16A1-45F1-914F-73C91641BF06}.Release|Any CPU.Build.0 = Release|Any CPU
		{617EB7AE-16A1-45F1-914F-73C91641BF06}.Release|x64.ActiveCfg = Release|Any CPU
		{617EB7AE-16A1-45F1-914F-73C91641BF06}.Release|x64.Build.0 = Release|Any CPU
		{617EB7AE-16A1-45F1-914F-73C91641BF06}.Release|x86.ActiveCfg = Release|Any CPU
		{617EB7AE-16A1-45F1-914F-73C91641BF06}.Release|x86.Build.0 = Release|Any CPU
		{69B0C14E-ADA9-46EA-91BF-BE91259DFAFC}.Debug|Any CPU.ActiveCfg = Debug|Any CPU
		{69B0C14E-ADA9-46EA-91BF-BE91259DFAFC}.Debug|Any CPU.Build.0 = Debug|Any CPU
		{69B0C14E-ADA9-46EA-91BF-BE91259DFAFC}.Debug|x64.ActiveCfg = Debug|Any CPU
		{69B0C14E-ADA9-46EA-91BF-BE91259DFAFC}.Debug|x64.Build.0 = Debug|Any CPU
		{69B0C14E-ADA9-46EA-91BF-BE91259DFAFC}.Debug|x86.ActiveCfg = Debug|Any CPU
		{69B0C14E-ADA9-46EA-91BF-BE91259DFAFC}.Debug|x86.Build.0 = Debug|Any CPU
		{69B0C14E-ADA9-46EA-91BF-BE91259DFAFC}.Release|Any CPU.ActiveCfg = Release|Any CPU
		{69B0C14E-ADA9-46EA-91BF-BE91259DFAFC}.Release|Any CPU.Build.0 = Release|Any CPU
		{69B0C14E-ADA9-46EA-91BF-BE91259DFAFC}.Release|x64.ActiveCfg = Release|Any CPU
		{69B0C14E-ADA9-46EA-91BF-BE91259DFAFC}.Release|x64.Build.0 = Release|Any CPU
		{69B0C14E-ADA9-46EA-91BF-BE91259DFAFC}.Release|x86.ActiveCfg = Release|Any CPU
		{69B0C14E-ADA9-46EA-91BF-BE91259DFAFC}.Release|x86.Build.0 = Release|Any CPU
	EndGlobalSection
EndGlobal
